
Microsoft Visual Studio Solution File, Format Version 12.00
# Visual Studio 15
VisualStudioVersion = 15.0.28010.2026
MinimumVisualStudioVersion = 10.0.40219.1
Project("{888888A0-9F3D-457C-B088-3A5042F75D52}") = "BlenderScripts", "BlenderScripts\BlenderScripts.pyproj", "{C39F7D07-5680-423E-9A8D-753C2D425592}"
EndProject
Global
	GlobalSection(SolutionConfigurationPlatforms) = preSolution
		Debug|Any CPU = Debug|Any CPU
		Release|Any CPU = Release|Any CPU
	EndGlobalSection
	GlobalSection(ProjectConfigurationPlatforms) = postSolution
		{C39F7D07-5680-423E-9A8D-753C2D425592}.Debug|Any CPU.ActiveCfg = Debug|Any CPU
		{C39F7D07-5680-423E-9A8D-753C2D425592}.Release|Any CPU.ActiveCfg = Release|Any CPU
	EndGlobalSection
	GlobalSection(SolutionProperties) = preSolution
		HideSolutionNode = FALSE
	EndGlobalSection
	GlobalSection(ExtensibilityGlobals) = postSolution
		SolutionGuid = {8BB43CB1-6DB3-420F-8B90-4C81E54150BA}
	EndGlobalSection
EndGlobal
